
Microsoft Visual Studio Solution File, Format Version 12.00
# Visual Studio Version 16
VisualStudioVersion = 16.0.31005.135
MinimumVisualStudioVersion = 10.0.40219.1
Project("{9A19103F-16F7-4668-BE54-9A1E7A4F7556}") = "myPf99", "myPf99\myPf99.csproj", "{11642E69-4198-4DD7-B25E-B339B1D7C0A7}"
EndProject
Project("{9A19103F-16F7-4668-BE54-9A1E7A4F7556}") = "BusinessLayer", "BusinessLayer\BusinessLayer.csproj", "{C37C9E72-C307-4838-9D85-4FE64F733BAF}"
EndProject
Project("{9A19103F-16F7-4668-BE54-9A1E7A4F7556}") = "DataAccessLayer", "DataAccessLayer\DataAccessLayer.csproj", "{F7BF5DAD-5878-4C55-BD4A-1314DCC65EF0}"
EndProject
Project("{9A19103F-16F7-4668-BE54-9A1E7A4F7556}") = "EntityLayer", "EntityLayer\EntityLayer.csproj", "{4656D3EE-4E80-4E4E-B8BC-B94412BC5AEA}"
EndProject
Global
	GlobalSection(SolutionConfigurationPlatforms) = preSolution
		Debug|Any CPU = Debug|Any CPU
		Release|Any CPU = Release|Any CPU
	EndGlobalSection
	GlobalSection(ProjectConfigurationPlatforms) = postSolution
		{11642E69-4198-4DD7-B25E-B339B1D7C0A7}.Debug|Any CPU.ActiveCfg = Debug|Any CPU
		{11642E69-4198-4DD7-B25E-B339B1D7C0A7}.Debug|Any CPU.Build.0 = Debug|Any CPU
		{11642E69-4198-4DD7-B25E-B339B1D7C0A7}.Release|Any CPU.ActiveCfg = Release|Any CPU
		{11642E69-4198-4DD7-B25E-B339B1D7C0A7}.Release|Any CPU.Build.0 = Release|Any CPU
		{C37C9E72-C307-4838-9D85-4FE64F733BAF}.Debug|Any CPU.ActiveCfg = Debug|Any CPU
		{C37C9E72-C307-4838-9D85-4FE64F733BAF}.Debug|Any CPU.Build.0 = Debug|Any CPU
		{C37C9E72-C307-4838-9D85-4FE64F733BAF}.Release|Any CPU.ActiveCfg = Release|Any CPU
		{C37C9E72-C307-4838-9D85-4FE64F733BAF}.Release|Any CPU.Build.0 = Release|Any CPU
		{F7BF5DAD-5878-4C55-BD4A-1314DCC65EF0}.Debug|Any CPU.ActiveCfg = Debug|Any CPU
		{F7BF5DAD-5878-4C55-BD4A-1314DCC65EF0}.Debug|Any CPU.Build.0 = Debug|Any CPU
		{F7BF5DAD-5878-4C55-BD4A-1314DCC65EF0}.Release|Any CPU.ActiveCfg = Release|Any CPU
		{F7BF5DAD-5878-4C55-BD4A-1314DCC65EF0}.Release|Any CPU.Build.0 = Release|Any CPU
		{4656D3EE-4E80-4E4E-B8BC-B94412BC5AEA}.Debug|Any CPU.ActiveCfg = Debug|Any CPU
		{4656D3EE-4E80-4E4E-B8BC-B94412BC5AEA}.Debug|Any CPU.Build.0 = Debug|Any CPU
		{4656D3EE-4E80-4E4E-B8BC-B94412BC5AEA}.Release|Any CPU.ActiveCfg = Release|Any CPU
		{4656D3EE-4E80-4E4E-B8BC-B94412BC5AEA}.Release|Any CPU.Build.0 = Release|Any CPU
	EndGlobalSection
	GlobalSection(SolutionProperties) = preSolution
		HideSolutionNode = FALSE
	EndGlobalSection
	GlobalSection(ExtensibilityGlobals) = postSolution
		SolutionGuid = {981131E3-6567-4D83-B451-BEABD175610F}
	EndGlobalSection
EndGlobal
